<?xml version="1.0" encoding="utf-8"?>
<Project ToolsVersion="4.0" xmlns="http://schemas.microsoft.com/developer/msbuild/2003">
  <ItemGroup>
    <Filter Include="interpreter">
      <UniqueIdentifier>{0f80f205-555c-4eb0-a71b-b969588b3645}</UniqueIdentifier>
    </Filter>
    <Filter Include="include">
      <UniqueIdentifier>{9c88e442-602b-4f35-be88-ef1b60670bb7}</UniqueIdentifier>
    </Filter>
  </ItemGroup>
  <ItemGroup>
    <ClCompile Include="..\tests\interpreter.c">
      <Filter>interpreter</Filter>
    </ClCompile>
  </ItemGroup>
  <ItemGroup>
    <ClInclude Include="..\include\pasm.h">
      <Filter>include</Filter>
    </ClInclude>
  </ItemGroup>
</Project>